
Microsoft Visual Studio Solution File, Format Version 12.00
# Visual Studio Version 16
VisualStudioVersion = 16.0.30621.155
MinimumVisualStudioVersion = 10.0.40219.1
Project("{FAE04EC0-301F-11D3-BF4B-00C04F79EFBC}") = "WpfApp", "WpfApp\WpfApp.csproj", "{5CFD8826-558B-46C2-A361-0F3A62B3F792}"
EndProject
Project("{FAE04EC0-301F-11D3-BF4B-00C04F79EFBC}") = "Interfaces", "Interfaces\Interfaces.csproj", "{BDE1FEC1-4532-416C-94CF-19B3C3EA7366}"
EndProject
Project("{FAE04EC0-301F-11D3-BF4B-00C04F79EFBC}") = "CoreComponents", "CoreComponents\CoreComponents.csproj", "{694556D2-92C1-468B-AAC9-8A05436BC330}"
EndProject
Project("{FAE04EC0-301F-11D3-BF4B-00C04F79EFBC}") = "TestCore", "TestCore\TestCore.csproj", "{0A33F628-7E41-41F6-9161-B4545736E9E7}"
EndProject
Project("{FAE04EC0-301F-11D3-BF4B-00C04F79EFBC}") = "Common", "Common\Common.csproj", "{1091FC1E-7779-42D7-A5F4-38B8A98D6B62}"
EndProject
Global
	GlobalSection(SolutionConfigurationPlatforms) = preSolution
		Debug|Any CPU = Debug|Any CPU
		Release|Any CPU = Release|Any CPU
	EndGlobalSection
	GlobalSection(ProjectConfigurationPlatforms) = postSolution
		{5CFD8826-558B-46C2-A361-0F3A62B3F792}.Debug|Any CPU.ActiveCfg = Debug|Any CPU
		{5CFD8826-558B-46C2-A361-0F3A62B3F792}.Debug|Any CPU.Build.0 = Debug|Any CPU
		{5CFD8826-558B-46C2-A361-0F3A62B3F792}.Release|Any CPU.ActiveCfg = Release|Any CPU
		{5CFD8826-558B-46C2-A361-0F3A62B3F792}.Release|Any CPU.Build.0 = Release|Any CPU
		{BDE1FEC1-4532-416C-94CF-19B3C3EA7366}.Debug|Any CPU.ActiveCfg = Debug|Any CPU
		{BDE1FEC1-4532-416C-94CF-19B3C3EA7366}.Debug|Any CPU.Build.0 = Debug|Any CPU
		{BDE1FEC1-4532-416C-94CF-19B3C3EA7366}.Release|Any CPU.ActiveCfg = Release|Any CPU
		{BDE1FEC1-4532-416C-94CF-19B3C3EA7366}.Release|Any CPU.Build.0 = Release|Any CPU
		{694556D2-92C1-468B-AAC9-8A05436BC330}.Debug|Any CPU.ActiveCfg = Debug|Any CPU
		{694556D2-92C1-468B-AAC9-8A05436BC330}.Debug|Any CPU.Build.0 = Debug|Any CPU
		{694556D2-92C1-468B-AAC9-8A05436BC330}.Release|Any CPU.ActiveCfg = Release|Any CPU
		{694556D2-92C1-468B-AAC9-8A05436BC330}.Release|Any CPU.Build.0 = Release|Any CPU
		{0A33F628-7E41-41F6-9161-B4545736E9E7}.Debug|Any CPU.ActiveCfg = Debug|Any CPU
		{0A33F628-7E41-41F6-9161-B4545736E9E7}.Debug|Any CPU.Build.0 = Debug|Any CPU
		{0A33F628-7E41-41F6-9161-B4545736E9E7}.Release|Any CPU.ActiveCfg = Release|Any CPU
		{0A33F628-7E41-41F6-9161-B4545736E9E7}.Release|Any CPU.Build.0 = Release|Any CPU
		{1091FC1E-7779-42D7-A5F4-38B8A98D6B62}.Debug|Any CPU.ActiveCfg = Debug|Any CPU
		{1091FC1E-7779-42D7-A5F4-38B8A98D6B62}.Debug|Any CPU.Build.0 = Debug|Any CPU
		{1091FC1E-7779-42D7-A5F4-38B8A98D6B62}.Release|Any CPU.ActiveCfg = Release|Any CPU
		{1091FC1E-7779-42D7-A5F4-38B8A98D6B62}.Release|Any CPU.Build.0 = Release|Any CPU
	EndGlobalSection
	GlobalSection(SolutionProperties) = preSolution
		HideSolutionNode = FALSE
	EndGlobalSection
	GlobalSection(ExtensibilityGlobals) = postSolution
		SolutionGuid = {C914C8B7-E246-4B8C-9C5E-F99FA6F1027C}
	EndGlobalSection
EndGlobal
